{
    "_readme": [
        "This file locks the dependencies of your project to a known state",
        "Read more about it at https://getcomposer.org/doc/01-basic-usage.md#installing-dependencies",
        "This file is @generated automatically"
    ],
    "content-hash": "768ddc33cae935e688ab9e3a35e9f77b",
    "packages": [
        {
            "name": "petrovich/petrovich-rules",
            "version": "dev-master",
            "source": {
                "type": "git",
                "url": "https://github.com/petrovich/petrovich-rules",
                "reference": "master"
            },
            "type": "library",
            "time": "2020-05-22T16:09:58+00:00"
        }
    ],
    "packages-dev": [],
    "aliases": [],
    "minimum-stability": "dev",
    "stability-flags": {
        "petrovich/petrovich-rules": 20
    },
    "prefer-stable": false,
    "prefer-lowest": false,
    "platform": [],
    "platform-dev": [],
    "plugin-api-version": "1.1.0"
}
